
Microsoft Visual Studio Solution File, Format Version 12.00
# Visual Studio Version 16
VisualStudioVersion = 16.0.30907.101
MinimumVisualStudioVersion = 10.0.40219.1
Project("{FAE04EC0-301F-11D3-BF4B-00C04F79EFBC}") = "BookOS", "BookOS.csproj", "{675936B9-7AD7-4207-BED9-8335FC88FF12}"
EndProject
Global
	GlobalSection(SolutionConfigurationPlatforms) = preSolution
		Debug|Any CPU = Debug|Any CPU
		Release|Any CPU = Release|Any CPU
	EndGlobalSection
	GlobalSection(ProjectConfigurationPlatforms) = postSolution
		{675936B9-7AD7-4207-BED9-8335FC88FF12}.Debug|Any CPU.ActiveCfg = Debug|Any CPU
		{675936B9-7AD7-4207-BED9-8335FC88FF12}.Debug|Any CPU.Build.0 = Debug|Any CPU
		{675936B9-7AD7-4207-BED9-8335FC88FF12}.Release|Any CPU.ActiveCfg = Release|Any CPU
		{675936B9-7AD7-4207-BED9-8335FC88FF12}.Release|Any CPU.Build.0 = Release|Any CPU
	EndGlobalSection
	GlobalSection(SolutionProperties) = preSolution
		HideSolutionNode = FALSE
	EndGlobalSection
	GlobalSection(ExtensibilityGlobals) = postSolution
		SolutionGuid = {53A9E55F-6030-4CBA-B08B-EEF3A23CD483}
	EndGlobalSection
EndGlobal
